
Microsoft Visual Studio Solution File, Format Version 12.00
# Visual Studio Version 16
VisualStudioVersion = 16.0.30611.23
MinimumVisualStudioVersion = 10.0.40219.1
Project("{FAE04EC0-301F-11D3-BF4B-00C04F79EFBC}") = "Login_InfoToolsSv", "Login_InfoToolsSv\Login_InfoToolsSv.csproj", "{394DAE69-FE13-459B-88FA-D662AB3961EA}"
EndProject
Global
	GlobalSection(SolutionConfigurationPlatforms) = preSolution
		Debug|Any CPU = Debug|Any CPU
		Release|Any CPU = Release|Any CPU
	EndGlobalSection
	GlobalSection(ProjectConfigurationPlatforms) = postSolution
		{394DAE69-FE13-459B-88FA-D662AB3961EA}.Debug|Any CPU.ActiveCfg = Debug|Any CPU
		{394DAE69-FE13-459B-88FA-D662AB3961EA}.Debug|Any CPU.Build.0 = Debug|Any CPU
		{394DAE69-FE13-459B-88FA-D662AB3961EA}.Release|Any CPU.ActiveCfg = Release|Any CPU
		{394DAE69-FE13-459B-88FA-D662AB3961EA}.Release|Any CPU.Build.0 = Release|Any CPU
	EndGlobalSection
	GlobalSection(SolutionProperties) = preSolution
		HideSolutionNode = FALSE
	EndGlobalSection
	GlobalSection(ExtensibilityGlobals) = postSolution
		SolutionGuid = {D455B7BC-F2A0-4C81-9382-26301512975C}
	EndGlobalSection
EndGlobal
